
Microsoft Visual Studio Solution File, Format Version 12.00
# Visual Studio 2017
Project("{FAE04EC0-301F-11D3-BF4B-00C04F79EFBC}") = "Visualizer v0.1", "Visualizer v0.1.csproj", "{04638D97-CF58-9796-B68C-B95A87D2A5AB}"
EndProject
Project("{FAE04EC0-301F-11D3-BF4B-00C04F79EFBC}") = "Visualizer v0.1.Editor", "Visualizer v0.1.Editor.csproj", "{B42D85A0-38FE-12E6-0B07-9797D84C2B12}"
EndProject
Global
	GlobalSection(SolutionConfigurationPlatforms) = preSolution
		Debug|Any CPU = Debug|Any CPU
		Release|Any CPU = Release|Any CPU
	EndGlobalSection
	GlobalSection(ProjectConfigurationPlatforms) = postSolution
		{04638D97-CF58-9796-B68C-B95A87D2A5AB}.Debug|Any CPU.ActiveCfg = Debug|Any CPU
		{04638D97-CF58-9796-B68C-B95A87D2A5AB}.Debug|Any CPU.Build.0 = Debug|Any CPU
		{04638D97-CF58-9796-B68C-B95A87D2A5AB}.Release|Any CPU.ActiveCfg = Release|Any CPU
		{04638D97-CF58-9796-B68C-B95A87D2A5AB}.Release|Any CPU.Build.0 = Release|Any CPU
		{B42D85A0-38FE-12E6-0B07-9797D84C2B12}.Debug|Any CPU.ActiveCfg = Debug|Any CPU
		{B42D85A0-38FE-12E6-0B07-9797D84C2B12}.Debug|Any CPU.Build.0 = Debug|Any CPU
		{B42D85A0-38FE-12E6-0B07-9797D84C2B12}.Release|Any CPU.ActiveCfg = Release|Any CPU
		{B42D85A0-38FE-12E6-0B07-9797D84C2B12}.Release|Any CPU.Build.0 = Release|Any CPU
	EndGlobalSection
	GlobalSection(SolutionProperties) = preSolution
		HideSolutionNode = FALSE
	EndGlobalSection
EndGlobal
