
Microsoft Visual Studio Solution File, Format Version 12.00
# Visual Studio 2017
Project("{FAE04EC0-301F-11D3-BF4B-00C04F79EFBC}") = "Space Mountain", "Space Mountain.csproj", "{044F63EF-2589-0A3C-6749-FA880835F7A4}"
EndProject
Global
	GlobalSection(SolutionConfigurationPlatforms) = preSolution
		Debug|Any CPU = Debug|Any CPU
		Release|Any CPU = Release|Any CPU
	EndGlobalSection
	GlobalSection(ProjectConfigurationPlatforms) = postSolution
		{044F63EF-2589-0A3C-6749-FA880835F7A4}.Debug|Any CPU.ActiveCfg = Debug|Any CPU
		{044F63EF-2589-0A3C-6749-FA880835F7A4}.Debug|Any CPU.Build.0 = Debug|Any CPU
		{044F63EF-2589-0A3C-6749-FA880835F7A4}.Release|Any CPU.ActiveCfg = Release|Any CPU
		{044F63EF-2589-0A3C-6749-FA880835F7A4}.Release|Any CPU.Build.0 = Release|Any CPU
	EndGlobalSection
	GlobalSection(SolutionProperties) = preSolution
		HideSolutionNode = FALSE
	EndGlobalSection
EndGlobal
