
Microsoft Visual Studio Solution File, Format Version 12.00
# Visual Studio 2017
Project("{FAE04EC0-301F-11D3-BF4B-00C04F79EFBC}") = "VisualiserMain.Plugins", "VisualiserMain.Plugins.csproj", "{7EBF8EAE-32BE-B1C0-2548-C228AEFF5A99}"
EndProject
Project("{FAE04EC0-301F-11D3-BF4B-00C04F79EFBC}") = "VisualiserMain", "VisualiserMain.csproj", "{45E1DBBC-A4F2-C195-6599-6664021715FC}"
EndProject
Project("{FAE04EC0-301F-11D3-BF4B-00C04F79EFBC}") = "VisualiserMain.Editor.Plugins", "VisualiserMain.Editor.Plugins.csproj", "{9C1449B7-D686-CCB5-8181-39EFB7A61920}"
EndProject
Global
	GlobalSection(SolutionConfigurationPlatforms) = preSolution
		Debug|Any CPU = Debug|Any CPU
		Release|Any CPU = Release|Any CPU
	EndGlobalSection
	GlobalSection(ProjectConfigurationPlatforms) = postSolution
		{7EBF8EAE-32BE-B1C0-2548-C228AEFF5A99}.Debug|Any CPU.ActiveCfg = Debug|Any CPU
		{7EBF8EAE-32BE-B1C0-2548-C228AEFF5A99}.Debug|Any CPU.Build.0 = Debug|Any CPU
		{7EBF8EAE-32BE-B1C0-2548-C228AEFF5A99}.Release|Any CPU.ActiveCfg = Release|Any CPU
		{7EBF8EAE-32BE-B1C0-2548-C228AEFF5A99}.Release|Any CPU.Build.0 = Release|Any CPU
		{45E1DBBC-A4F2-C195-6599-6664021715FC}.Debug|Any CPU.ActiveCfg = Debug|Any CPU
		{45E1DBBC-A4F2-C195-6599-6664021715FC}.Debug|Any CPU.Build.0 = Debug|Any CPU
		{45E1DBBC-A4F2-C195-6599-6664021715FC}.Release|Any CPU.ActiveCfg = Release|Any CPU
		{45E1DBBC-A4F2-C195-6599-6664021715FC}.Release|Any CPU.Build.0 = Release|Any CPU
		{9C1449B7-D686-CCB5-8181-39EFB7A61920}.Debug|Any CPU.ActiveCfg = Debug|Any CPU
		{9C1449B7-D686-CCB5-8181-39EFB7A61920}.Debug|Any CPU.Build.0 = Debug|Any CPU
		{9C1449B7-D686-CCB5-8181-39EFB7A61920}.Release|Any CPU.ActiveCfg = Release|Any CPU
		{9C1449B7-D686-CCB5-8181-39EFB7A61920}.Release|Any CPU.Build.0 = Release|Any CPU
	EndGlobalSection
	GlobalSection(SolutionProperties) = preSolution
		HideSolutionNode = FALSE
	EndGlobalSection
EndGlobal
